
Microsoft Visual Studio Solution File, Format Version 12.00
# Visual Studio 15
VisualStudioVersion = 15.0.27004.2008
MinimumVisualStudioVersion = 10.0.40219.1
Project("{9A19103F-16F7-4668-BE54-9A1E7A4F7556}") = "HeatingApi", "HeatingApi\HeatingApi.csproj", "{797F4858-5A3C-4210-95BA-C01FFC3D238D}"
EndProject
Project("{9A19103F-16F7-4668-BE54-9A1E7A4F7556}") = "HardwareAccess", "HardwareAccess\HardwareAccess.csproj", "{24372CEB-350C-4C31-841A-720852C5DA5D}"
EndProject
Project("{9A19103F-16F7-4668-BE54-9A1E7A4F7556}") = "Commons", "Commons\Commons.csproj", "{98EB775B-DCD8-4C6C-8D95-5AEB919CF160}"
EndProject
Project("{9A19103F-16F7-4668-BE54-9A1E7A4F7556}") = "HardwareAccess.Tests", "HardwareAccess.Tests\HardwareAccess.Tests.csproj", "{E909F025-6CF8-4CF9-B726-0C2C8913C771}"
EndProject
Project("{2150E333-8FDC-42A3-9474-1A3956D46DE8}") = "1. Persistence", "1. Persistence", "{0FD84C5D-B7C9-4079-8044-89AA34691F0C}"
EndProject
Project("{2150E333-8FDC-42A3-9474-1A3956D46DE8}") = "2. Hardware", "2. Hardware", "{05D0DEEA-D2A1-4E0C-BDA9-AAF965639885}"
EndProject
Project("{2150E333-8FDC-42A3-9474-1A3956D46DE8}") = "3. Control", "3. Control", "{0FCC155B-8043-49F6-AC88-D9C5946201ED}"
EndProject
Project("{2150E333-8FDC-42A3-9474-1A3956D46DE8}") = "4. Presentation", "4. Presentation", "{BA916D96-16EB-4C0A-8DA1-EAEF90A23CF3}"
EndProject
Project("{2150E333-8FDC-42A3-9474-1A3956D46DE8}") = "0. Shared", "0. Shared", "{CDFC38AB-CC92-449C-8C60-D7C7BF750989}"
EndProject
Project("{9A19103F-16F7-4668-BE54-9A1E7A4F7556}") = "HeatingControl", "HeatingControl\HeatingControl.csproj", "{7E6C1099-2D01-43F2-837E-6F61DCB4E37E}"
EndProject
Project("{9A19103F-16F7-4668-BE54-9A1E7A4F7556}") = "Domain", "HeatingControl.Domain\Domain.csproj", "{24784DCF-E6BB-4EAD-AC78-9392D2D8B8EF}"
EndProject
Project("{9A19103F-16F7-4668-BE54-9A1E7A4F7556}") = "Storage", "Storage\Storage.csproj", "{6B9F2E2D-95E7-463D-BD16-FAA8468B008D}"
EndProject
Project("{9A19103F-16F7-4668-BE54-9A1E7A4F7556}") = "HeatingControl.Tests", "HeatingControl.Tests\HeatingControl.Tests.csproj", "{E7057B7D-6ADA-4646-B131-B85004E552F3}"
EndProject
Global
	GlobalSection(SolutionConfigurationPlatforms) = preSolution
		Debug|Any CPU = Debug|Any CPU
		Release|Any CPU = Release|Any CPU
	EndGlobalSection
	GlobalSection(ProjectConfigurationPlatforms) = postSolution
		{797F4858-5A3C-4210-95BA-C01FFC3D238D}.Debug|Any CPU.ActiveCfg = Debug|Any CPU
		{797F4858-5A3C-4210-95BA-C01FFC3D238D}.Debug|Any CPU.Build.0 = Debug|Any CPU
		{797F4858-5A3C-4210-95BA-C01FFC3D238D}.Release|Any CPU.ActiveCfg = Release|Any CPU
		{797F4858-5A3C-4210-95BA-C01FFC3D238D}.Release|Any CPU.Build.0 = Release|Any CPU
		{24372CEB-350C-4C31-841A-720852C5DA5D}.Debug|Any CPU.ActiveCfg = Debug|Any CPU
		{24372CEB-350C-4C31-841A-720852C5DA5D}.Debug|Any CPU.Build.0 = Debug|Any CPU
		{24372CEB-350C-4C31-841A-720852C5DA5D}.Release|Any CPU.ActiveCfg = Release|Any CPU
		{24372CEB-350C-4C31-841A-720852C5DA5D}.Release|Any CPU.Build.0 = Release|Any CPU
		{98EB775B-DCD8-4C6C-8D95-5AEB919CF160}.Debug|Any CPU.ActiveCfg = Debug|Any CPU
		{98EB775B-DCD8-4C6C-8D95-5AEB919CF160}.Debug|Any CPU.Build.0 = Debug|Any CPU
		{98EB775B-DCD8-4C6C-8D95-5AEB919CF160}.Release|Any CPU.ActiveCfg = Release|Any CPU
		{98EB775B-DCD8-4C6C-8D95-5AEB919CF160}.Release|Any CPU.Build.0 = Release|Any CPU
		{E909F025-6CF8-4CF9-B726-0C2C8913C771}.Debug|Any CPU.ActiveCfg = Debug|Any CPU
		{E909F025-6CF8-4CF9-B726-0C2C8913C771}.Debug|Any CPU.Build.0 = Debug|Any CPU
		{E909F025-6CF8-4CF9-B726-0C2C8913C771}.Release|Any CPU.ActiveCfg = Release|Any CPU
		{E909F025-6CF8-4CF9-B726-0C2C8913C771}.Release|Any CPU.Build.0 = Release|Any CPU
		{7E6C1099-2D01-43F2-837E-6F61DCB4E37E}.Debug|Any CPU.ActiveCfg = Debug|Any CPU
		{7E6C1099-2D01-43F2-837E-6F61DCB4E37E}.Debug|Any CPU.Build.0 = Debug|Any CPU
		{7E6C1099-2D01-43F2-837E-6F61DCB4E37E}.Release|Any CPU.ActiveCfg = Release|Any CPU
		{7E6C1099-2D01-43F2-837E-6F61DCB4E37E}.Release|Any CPU.Build.0 = Release|Any CPU
		{24784DCF-E6BB-4EAD-AC78-9392D2D8B8EF}.Debug|Any CPU.ActiveCfg = Debug|Any CPU
		{24784DCF-E6BB-4EAD-AC78-9392D2D8B8EF}.Debug|Any CPU.Build.0 = Debug|Any CPU
		{24784DCF-E6BB-4EAD-AC78-9392D2D8B8EF}.Release|Any CPU.ActiveCfg = Release|Any CPU
		{24784DCF-E6BB-4EAD-AC78-9392D2D8B8EF}.Release|Any CPU.Build.0 = Release|Any CPU
		{6B9F2E2D-95E7-463D-BD16-FAA8468B008D}.Debug|Any CPU.ActiveCfg = Debug|Any CPU
		{6B9F2E2D-95E7-463D-BD16-FAA8468B008D}.Debug|Any CPU.Build.0 = Debug|Any CPU
		{6B9F2E2D-95E7-463D-BD16-FAA8468B008D}.Release|Any CPU.ActiveCfg = Release|Any CPU
		{6B9F2E2D-95E7-463D-BD16-FAA8468B008D}.Release|Any CPU.Build.0 = Release|Any CPU
		{E7057B7D-6ADA-4646-B131-B85004E552F3}.Debug|Any CPU.ActiveCfg = Debug|Any CPU
		{E7057B7D-6ADA-4646-B131-B85004E552F3}.Debug|Any CPU.Build.0 = Debug|Any CPU
		{E7057B7D-6ADA-4646-B131-B85004E552F3}.Release|Any CPU.ActiveCfg = Release|Any CPU
		{E7057B7D-6ADA-4646-B131-B85004E552F3}.Release|Any CPU.Build.0 = Release|Any CPU
	EndGlobalSection
	GlobalSection(SolutionProperties) = preSolution
		HideSolutionNode = FALSE
	EndGlobalSection
	GlobalSection(NestedProjects) = preSolution
		{797F4858-5A3C-4210-95BA-C01FFC3D238D} = {BA916D96-16EB-4C0A-8DA1-EAEF90A23CF3}
		{24372CEB-350C-4C31-841A-720852C5DA5D} = {05D0DEEA-D2A1-4E0C-BDA9-AAF965639885}
		{98EB775B-DCD8-4C6C-8D95-5AEB919CF160} = {CDFC38AB-CC92-449C-8C60-D7C7BF750989}
		{E909F025-6CF8-4CF9-B726-0C2C8913C771} = {05D0DEEA-D2A1-4E0C-BDA9-AAF965639885}
		{7E6C1099-2D01-43F2-837E-6F61DCB4E37E} = {0FCC155B-8043-49F6-AC88-D9C5946201ED}
		{24784DCF-E6BB-4EAD-AC78-9392D2D8B8EF} = {0FD84C5D-B7C9-4079-8044-89AA34691F0C}
		{6B9F2E2D-95E7-463D-BD16-FAA8468B008D} = {0FD84C5D-B7C9-4079-8044-89AA34691F0C}
		{E7057B7D-6ADA-4646-B131-B85004E552F3} = {0FCC155B-8043-49F6-AC88-D9C5946201ED}
	EndGlobalSection
	GlobalSection(ExtensibilityGlobals) = postSolution
		SolutionGuid = {753ECF9A-6077-40FA-A1B6-25F66AE5C57A}
	EndGlobalSection
EndGlobal
